
Microsoft Visual Studio Solution File, Format Version 12.00
# Visual Studio Version 17
VisualStudioVersion = 17.2.32516.85
MinimumVisualStudioVersion = 10.0.40219.1
Project("{FAE04EC0-301F-11D3-BF4B-00C04F79EFBC}") = "WhiteNoisePlayerGUI", "WhiteNoisePlayerGUI.csproj", "{B398913B-8D1E-44B1-BCE1-3606A9AA0567}"
EndProject
Global
	GlobalSection(SolutionConfigurationPlatforms) = preSolution
		Debug|Any CPU = Debug|Any CPU
		Release|Any CPU = Release|Any CPU
	EndGlobalSection
	GlobalSection(ProjectConfigurationPlatforms) = postSolution
		{B398913B-8D1E-44B1-BCE1-3606A9AA0567}.Debug|Any CPU.ActiveCfg = Debug|Any CPU
		{B398913B-8D1E-44B1-BCE1-3606A9AA0567}.Debug|Any CPU.Build.0 = Debug|Any CPU
		{B398913B-8D1E-44B1-BCE1-3606A9AA0567}.Release|Any CPU.ActiveCfg = Release|Any CPU
		{B398913B-8D1E-44B1-BCE1-3606A9AA0567}.Release|Any CPU.Build.0 = Release|Any CPU
	EndGlobalSection
	GlobalSection(SolutionProperties) = preSolution
		HideSolutionNode = FALSE
	EndGlobalSection
	GlobalSection(ExtensibilityGlobals) = postSolution
		SolutionGuid = {E72BA974-295B-42EC-B651-CC9B027C96A2}
	EndGlobalSection
EndGlobal
